
Microsoft Visual Studio Solution File, Format Version 12.00
# Visual Studio Version 17
VisualStudioVersion = 17.3.32825.248
MinimumVisualStudioVersion = 10.0.40219.1
Project("{FAE04EC0-301F-11D3-BF4B-00C04F79EFBC}") = "SP1EjercicioPorResolver", "SP1EjercicioPorResolver.csproj", "{33D55AF0-790D-461A-8A6C-40AB718F1C4B}"
EndProject
Global
	GlobalSection(SolutionConfigurationPlatforms) = preSolution
		Debug|Any CPU = Debug|Any CPU
		Release|Any CPU = Release|Any CPU
	EndGlobalSection
	GlobalSection(ProjectConfigurationPlatforms) = postSolution
		{33D55AF0-790D-461A-8A6C-40AB718F1C4B}.Debug|Any CPU.ActiveCfg = Debug|Any CPU
		{33D55AF0-790D-461A-8A6C-40AB718F1C4B}.Debug|Any CPU.Build.0 = Debug|Any CPU
		{33D55AF0-790D-461A-8A6C-40AB718F1C4B}.Release|Any CPU.ActiveCfg = Release|Any CPU
		{33D55AF0-790D-461A-8A6C-40AB718F1C4B}.Release|Any CPU.Build.0 = Release|Any CPU
	EndGlobalSection
	GlobalSection(SolutionProperties) = preSolution
		HideSolutionNode = FALSE
	EndGlobalSection
	GlobalSection(ExtensibilityGlobals) = postSolution
		SolutionGuid = {0239EBE5-8475-4125-8E98-D5DB37FCE85B}
	EndGlobalSection
EndGlobal
